// !$*UTF8*$!
{
	archiveVersion = 1;
	classes = {
	};
	objectVersion = 52;
	objects = {

/* Begin PBXBuildFile section */
		3B0D023825D6975800E015EF /* EditVMViewControllerGeneral.swift in Sources */ = {isa = PBXBuildFile; fileRef = 3B0D023725D6975800E015EF /* EditVMViewControllerGeneral.swift */; };
		3B15E94825CD87760046891B /* QemuConstants.swift in Sources */ = {isa = PBXBuildFile; fileRef = 3B15E94725CD87760046891B /* QemuConstants.swift */; };
		3B18445D25E4F86A00CDAA20 /* MacMulatorConstants.swift in Sources */ = {isa = PBXBuildFile; fileRef = 3B18445C25E4F86A00CDAA20 /* MacMulatorConstants.swift */; };
		3B1FC5E526315DC4004E64DC /* PreferencesViewController.swift in Sources */ = {isa = PBXBuildFile; fileRef = 3B1FC5E426315DC4004E64DC /* PreferencesViewController.swift */; };
		3B249B60263042170046DDA5 /* CreateVMFileViewController.swift in Sources */ = {isa = PBXBuildFile; fileRef = 3B249B5F263042170046DDA5 /* CreateVMFileViewController.swift */; };
		3B391EED25C075F50030E914 /* AppDelegate.swift in Sources */ = {isa = PBXBuildFile; fileRef = 3B391EEC25C075F50030E914 /* AppDelegate.swift */; };
		3B391EEF25C075F50030E914 /* RootViewController.swift in Sources */ = {isa = PBXBuildFile; fileRef = 3B391EEE25C075F50030E914 /* RootViewController.swift */; };
		3B39B8CF25C86A31004B9CBC /* MainWindowController.swift in Sources */ = {isa = PBXBuildFile; fileRef = 3B39B8CE25C86A31004B9CBC /* MainWindowController.swift */; };
		3B3E56E226EF59E400D79C92 /* OPENCORE_LEGACY.zip in CopyFiles */ = {isa = PBXBuildFile; fileRef = 3B3E56E026EF59C900D79C92 /* OPENCORE_LEGACY.zip */; };
		3B477A9525D69525008685BE /* EditVMViewController.swift in Sources */ = {isa = PBXBuildFile; fileRef = 3B477A9425D69525008685BE /* EditVMViewController.swift */; };
		3B559E6626EB54730071E5B5 /* ZIPFoundation in Frameworks */ = {isa = PBXBuildFile; productRef = 3B559E6526EB54730071E5B5 /* ZIPFoundation */; };
		3B559E6926EB55410071E5B5 /* OPENCORE_MODERN.zip in CopyFiles */ = {isa = PBXBuildFile; fileRef = 3B559E6726EB551E0071E5B5 /* OPENCORE_MODERN.zip */; };
		3B57855D266527580003C3C8 /* libglib-2.0.0.dylib in CopyFiles */ = {isa = PBXBuildFile; fileRef = 3B5785582665265E0003C3C8 /* libglib-2.0.0.dylib */; settings = {ATTRIBUTES = (CodeSignOnCopy, ); }; };
		3B57855F2665275F0003C3C8 /* qemu-img in CopyFiles */ = {isa = PBXBuildFile; fileRef = 3B578555266523780003C3C8 /* qemu-img */; settings = {ATTRIBUTES = (CodeSignOnCopy, ); }; };
		3B57857D26652D060003C3C8 /* libpcre.1.dylib in CopyFiles */ = {isa = PBXBuildFile; fileRef = 3B57857B26652CFF0003C3C8 /* libpcre.1.dylib */; settings = {ATTRIBUTES = (CodeSignOnCopy, ); }; };
		3B57858026652D4B0003C3C8 /* libintl.8.dylib in CopyFiles */ = {isa = PBXBuildFile; fileRef = 3B57857E26652D440003C3C8 /* libintl.8.dylib */; settings = {ATTRIBUTES = (CodeSignOnCopy, ); }; };
		3B6A9E1425CBFDDC00123D6B /* ObjC.m in Sources */ = {isa = PBXBuildFile; fileRef = 3B6A9E1325CBFDDC00123D6B /* ObjC.m */; };
		3B6FF876266F791700368BAB /* SocketSwift in Frameworks */ = {isa = PBXBuildFile; productRef = 3B6FF875266F791700368BAB /* SocketSwift */; };
		3B73E41625CAE040004BAA92 /* QemuRunner.swift in Sources */ = {isa = PBXBuildFile; fileRef = 3B73E41525CAE040004BAA92 /* QemuRunner.swift */; };
		3B7C1BF925D697D100DF30E2 /* EditVMViewControllerHardware.swift in Sources */ = {isa = PBXBuildFile; fileRef = 3B7C1BF825D697D100DF30E2 /* EditVMViewControllerHardware.swift */; };
		3B7C1BFE25D697E800DF30E2 /* EditVMViewControllerAdvanced.swift in Sources */ = {isa = PBXBuildFile; fileRef = 3B7C1BFD25D697E800DF30E2 /* EditVMViewControllerAdvanced.swift */; };
		3B7F944E25CD51800063F84D /* QemuImgCommandBuilder.swift in Sources */ = {isa = PBXBuildFile; fileRef = 3B7F944D25CD51800063F84D /* QemuImgCommandBuilder.swift */; };
		3B7F945325CD51CA0063F84D /* QemuCommandBuilder.swift in Sources */ = {isa = PBXBuildFile; fileRef = 3B7F945225CD51CA0063F84D /* QemuCommandBuilder.swift */; };
		3B7F94A225C2B4B700A13B26 /* VirtualMachinesListViewController.swift in Sources */ = {isa = PBXBuildFile; fileRef = 3B7F94A125C2B4B700A13B26 /* VirtualMachinesListViewController.swift */; };
		3B90F6AB26EA4C3A00575751 /* MACOS_EFI.fd in CopyFiles */ = {isa = PBXBuildFile; fileRef = 3B90F6A926EA4AA800575751 /* MACOS_EFI.fd */; };
		3B9B19E625C2C0B400AF3438 /* VirtualMachineTableCellView.swift in Sources */ = {isa = PBXBuildFile; fileRef = 3B9B19E525C2C0B400AF3438 /* VirtualMachineTableCellView.swift */; };
		3BA985FC26C2804B00D2C5DB /* QEMU_EFI.fd in CopyFiles */ = {isa = PBXBuildFile; fileRef = 3BA985FB26C27F2600D2C5DB /* QEMU_EFI.fd */; };
		3BB10094266F52D8005D0E44 /* QemuMonitor.swift in Sources */ = {isa = PBXBuildFile; fileRef = 3BB10093266F52D8005D0E44 /* QemuMonitor.swift */; };
		3BBB471F25CABDAE00A4DBA7 /* Shell.swift in Sources */ = {isa = PBXBuildFile; fileRef = 3BBB471D25CABDAE00A4DBA7 /* Shell.swift */; };
		3BBB472025CABDAE00A4DBA7 /* Utils.swift in Sources */ = {isa = PBXBuildFile; fileRef = 3BBB471E25CABDAE00A4DBA7 /* Utils.swift */; };
		3BBB473A25CABDCB00A4DBA7 /* Assets.xcassets in Resources */ = {isa = PBXBuildFile; fileRef = 3BBB473725CABDCB00A4DBA7 /* Assets.xcassets */; };
		3BBB474225CABDD000A4DBA7 /* VirtualMachine.swift in Sources */ = {isa = PBXBuildFile; fileRef = 3BBB474025CABDD000A4DBA7 /* VirtualMachine.swift */; };
		3BBB474325CABDD000A4DBA7 /* VirtualDrive.swift in Sources */ = {isa = PBXBuildFile; fileRef = 3BBB474125CABDD000A4DBA7 /* VirtualDrive.swift */; };
		3BBB475025CABE6D00A4DBA7 /* Main.storyboard in Resources */ = {isa = PBXBuildFile; fileRef = 3BBB473025CABDC600A4DBA7 /* Main.storyboard */; };
		3BBC4BB625DE74020001CA02 /* QemuUtils.swift in Sources */ = {isa = PBXBuildFile; fileRef = 3BBC4BB525DE74020001CA02 /* QemuUtils.swift */; };
		3BC5262D25E4F0F700A70699 /* NewDiskViewController.swift in Sources */ = {isa = PBXBuildFile; fileRef = 3BC5262C25E4F0F700A70699 /* NewDiskViewController.swift */; };
		3BC90A8425E536DF003E7DDE /* CreateDiskFileViewController.swift in Sources */ = {isa = PBXBuildFile; fileRef = 3BC90A8325E536DF003E7DDE /* CreateDiskFileViewController.swift */; };
		3BD669B425E58080004E129D /* EditVM.storyboard in Resources */ = {isa = PBXBuildFile; fileRef = 3BD669B325E58080004E129D /* EditVM.storyboard */; };
		3BD7455025E7AC85005ECECB /* DriveInfoViewController.swift in Sources */ = {isa = PBXBuildFile; fileRef = 3BD7454F25E7AC85005ECECB /* DriveInfoViewController.swift */; };
		3BD88E0E26DCF0A500B4A0E5 /* AboutBoxViewController.swift in Sources */ = {isa = PBXBuildFile; fileRef = 3BD88E0D26DCF0A500B4A0E5 /* AboutBoxViewController.swift */; };
		3BD9CCEE262DCDDD008341D9 /* NewVMViewController.swift in Sources */ = {isa = PBXBuildFile; fileRef = 3BD9CCED262DCDDD008341D9 /* NewVMViewController.swift */; };
		3BD9CCF7262DCE5B008341D9 /* NewVM.storyboard in Resources */ = {isa = PBXBuildFile; fileRef = 3BD9CCF5262DCE5B008341D9 /* NewVM.storyboard */; };
		3BF128BB26C270CA009BFF7D /* ConsoleViewController.swift in Sources */ = {isa = PBXBuildFile; fileRef = 3BF128BA26C270CA009BFF7D /* ConsoleViewController.swift */; };
		3BF8F62425E40224006E2C1C /* DrivesTableCells.swift in Sources */ = {isa = PBXBuildFile; fileRef = 3BF8F62325E40224006E2C1C /* DrivesTableCells.swift */; };
		3BFDBF0625C15FD800A1442F /* VirtualMachineViewController.swift in Sources */ = {isa = PBXBuildFile; fileRef = 3BFDBF0525C15FD800A1442F /* VirtualMachineViewController.swift */; };
		3BFF48DF26C2D2AD0093408E /* UtilsTest.swift in Sources */ = {isa = PBXBuildFile; fileRef = 3BFF48DE26C2D2AD0093408E /* UtilsTest.swift */; };
/* End PBXBuildFile section */

/* Begin PBXContainerItemProxy section */
		3B391EFC25C075F50030E914 /* PBXContainerItemProxy */ = {
			isa = PBXContainerItemProxy;
			containerPortal = 3B391EE125C075F50030E914 /* Project object */;
			proxyType = 1;
			remoteGlobalIDString = 3B391EE825C075F50030E914;
			remoteInfo = MacMulator;
		};
/* End PBXContainerItemProxy section */

/* Begin PBXCopyFilesBuildPhase section */
		3B57855C266527400003C3C8 /* CopyFiles */ = {
			isa = PBXCopyFilesBuildPhase;
			buildActionMask = 2147483647;
			dstPath = Libs;
			dstSubfolderSpec = 7;
			files = (
				3B57855D266527580003C3C8 /* libglib-2.0.0.dylib in CopyFiles */,
				3B57857D26652D060003C3C8 /* libpcre.1.dylib in CopyFiles */,
				3B57858026652D4B0003C3C8 /* libintl.8.dylib in CopyFiles */,
			);
			runOnlyForDeploymentPostprocessing = 0;
		};
		3B57855E2665275C0003C3C8 /* CopyFiles */ = {
			isa = PBXCopyFilesBuildPhase;
			buildActionMask = 2147483647;
			dstPath = "";
			dstSubfolderSpec = 7;
			files = (
				3B3E56E226EF59E400D79C92 /* OPENCORE_LEGACY.zip in CopyFiles */,
				3B559E6926EB55410071E5B5 /* OPENCORE_MODERN.zip in CopyFiles */,
				3B90F6AB26EA4C3A00575751 /* MACOS_EFI.fd in CopyFiles */,
				3BA985FC26C2804B00D2C5DB /* QEMU_EFI.fd in CopyFiles */,
				3B57855F2665275F0003C3C8 /* qemu-img in CopyFiles */,
			);
			runOnlyForDeploymentPostprocessing = 0;
		};
/* End PBXCopyFilesBuildPhase section */

/* Begin PBXFileReference section */
		3B0D023725D6975800E015EF /* EditVMViewControllerGeneral.swift */ = {isa = PBXFileReference; lastKnownFileType = sourcecode.swift; path = EditVMViewControllerGeneral.swift; sourceTree = "<group>"; };
		3B15E94725CD87760046891B /* QemuConstants.swift */ = {isa = PBXFileReference; lastKnownFileType = sourcecode.swift; path = QemuConstants.swift; sourceTree = "<group>"; };
		3B18445C25E4F86A00CDAA20 /* MacMulatorConstants.swift */ = {isa = PBXFileReference; lastKnownFileType = sourcecode.swift; path = MacMulatorConstants.swift; sourceTree = "<group>"; };
		3B1FC5E426315DC4004E64DC /* PreferencesViewController.swift */ = {isa = PBXFileReference; lastKnownFileType = sourcecode.swift; path = PreferencesViewController.swift; sourceTree = "<group>"; };
		3B249B5F263042170046DDA5 /* CreateVMFileViewController.swift */ = {isa = PBXFileReference; lastKnownFileType = sourcecode.swift; path = CreateVMFileViewController.swift; sourceTree = "<group>"; };
		3B391EE925C075F50030E914 /* MacMulator.app */ = {isa = PBXFileReference; explicitFileType = wrapper.application; includeInIndex = 0; path = MacMulator.app; sourceTree = BUILT_PRODUCTS_DIR; };
		3B391EEC25C075F50030E914 /* AppDelegate.swift */ = {isa = PBXFileReference; lastKnownFileType = sourcecode.swift; path = AppDelegate.swift; sourceTree = "<group>"; };
		3B391EEE25C075F50030E914 /* RootViewController.swift */ = {isa = PBXFileReference; lastKnownFileType = sourcecode.swift; path = RootViewController.swift; sourceTree = "<group>"; };
		3B391EFB25C075F50030E914 /* MacMulatorTests.xctest */ = {isa = PBXFileReference; explicitFileType = wrapper.cfbundle; includeInIndex = 0; path = MacMulatorTests.xctest; sourceTree = BUILT_PRODUCTS_DIR; };
		3B391F0125C075F50030E914 /* Info.plist */ = {isa = PBXFileReference; lastKnownFileType = text.plist.xml; path = Info.plist; sourceTree = "<group>"; };
		3B39B8CE25C86A31004B9CBC /* MainWindowController.swift */ = {isa = PBXFileReference; lastKnownFileType = sourcecode.swift; path = MainWindowController.swift; sourceTree = "<group>"; };
		3B3E56E026EF59C900D79C92 /* OPENCORE_LEGACY.zip */ = {isa = PBXFileReference; lastKnownFileType = archive.zip; path = OPENCORE_LEGACY.zip; sourceTree = "<group>"; };
		3B477A9425D69525008685BE /* EditVMViewController.swift */ = {isa = PBXFileReference; lastKnownFileType = sourcecode.swift; path = EditVMViewController.swift; sourceTree = "<group>"; };
		3B559E6726EB551E0071E5B5 /* OPENCORE_MODERN.zip */ = {isa = PBXFileReference; lastKnownFileType = archive.zip; path = OPENCORE_MODERN.zip; sourceTree = "<group>"; };
		3B578555266523780003C3C8 /* qemu-img */ = {isa = PBXFileReference; lastKnownFileType = "compiled.mach-o.executable"; path = "qemu-img"; sourceTree = "<group>"; };
		3B5785582665265E0003C3C8 /* libglib-2.0.0.dylib */ = {isa = PBXFileReference; lastKnownFileType = "compiled.mach-o.dylib"; path = "libglib-2.0.0.dylib"; sourceTree = "<group>"; };
		3B57857B26652CFF0003C3C8 /* libpcre.1.dylib */ = {isa = PBXFileReference; lastKnownFileType = "compiled.mach-o.dylib"; path = libpcre.1.dylib; sourceTree = "<group>"; };
		3B57857E26652D440003C3C8 /* libintl.8.dylib */ = {isa = PBXFileReference; lastKnownFileType = "compiled.mach-o.dylib"; path = libintl.8.dylib; sourceTree = "<group>"; };
		3B6A9E0925CBFD8300123D6B /* ObjC.h */ = {isa = PBXFileReference; lastKnownFileType = sourcecode.c.h; path = ObjC.h; sourceTree = "<group>"; };
		3B6A9E1225CBFDDC00123D6B /* MacMulator-Bridging-Header.h */ = {isa = PBXFileReference; lastKnownFileType = sourcecode.c.h; path = "MacMulator-Bridging-Header.h"; sourceTree = "<group>"; };
		3B6A9E1325CBFDDC00123D6B /* ObjC.m */ = {isa = PBXFileReference; lastKnownFileType = sourcecode.c.objc; path = ObjC.m; sourceTree = "<group>"; };
		3B73E41525CAE040004BAA92 /* QemuRunner.swift */ = {isa = PBXFileReference; lastKnownFileType = sourcecode.swift; path = QemuRunner.swift; sourceTree = "<group>"; };
		3B7C1BF825D697D100DF30E2 /* EditVMViewControllerHardware.swift */ = {isa = PBXFileReference; fileEncoding = 4; lastKnownFileType = sourcecode.swift; path = EditVMViewControllerHardware.swift; sourceTree = "<group>"; };
		3B7C1BFD25D697E800DF30E2 /* EditVMViewControllerAdvanced.swift */ = {isa = PBXFileReference; fileEncoding = 4; lastKnownFileType = sourcecode.swift; path = EditVMViewControllerAdvanced.swift; sourceTree = "<group>"; };
		3B7F944D25CD51800063F84D /* QemuImgCommandBuilder.swift */ = {isa = PBXFileReference; lastKnownFileType = sourcecode.swift; path = QemuImgCommandBuilder.swift; sourceTree = "<group>"; };
		3B7F945225CD51CA0063F84D /* QemuCommandBuilder.swift */ = {isa = PBXFileReference; lastKnownFileType = sourcecode.swift; path = QemuCommandBuilder.swift; sourceTree = "<group>"; };
		3B7F94A125C2B4B700A13B26 /* VirtualMachinesListViewController.swift */ = {isa = PBXFileReference; lastKnownFileType = sourcecode.swift; path = VirtualMachinesListViewController.swift; sourceTree = "<group>"; };
		3B90F6A926EA4AA800575751 /* MACOS_EFI.fd */ = {isa = PBXFileReference; lastKnownFileType = file; path = MACOS_EFI.fd; sourceTree = "<group>"; };
		3B9B19E525C2C0B400AF3438 /* VirtualMachineTableCellView.swift */ = {isa = PBXFileReference; lastKnownFileType = sourcecode.swift; path = VirtualMachineTableCellView.swift; sourceTree = "<group>"; };
		3BA985FB26C27F2600D2C5DB /* QEMU_EFI.fd */ = {isa = PBXFileReference; lastKnownFileType = file; path = QEMU_EFI.fd; sourceTree = "<group>"; };
		3BB10093266F52D8005D0E44 /* QemuMonitor.swift */ = {isa = PBXFileReference; lastKnownFileType = sourcecode.swift; path = QemuMonitor.swift; sourceTree = "<group>"; };
		3BBB471D25CABDAE00A4DBA7 /* Shell.swift */ = {isa = PBXFileReference; fileEncoding = 4; lastKnownFileType = sourcecode.swift; path = Shell.swift; sourceTree = "<group>"; };
		3BBB471E25CABDAE00A4DBA7 /* Utils.swift */ = {isa = PBXFileReference; fileEncoding = 4; lastKnownFileType = sourcecode.swift; path = Utils.swift; sourceTree = "<group>"; };
		3BBB473125CABDC600A4DBA7 /* Base */ = {isa = PBXFileReference; lastKnownFileType = file.storyboard; name = Base; path = Base.lproj/Main.storyboard; sourceTree = "<group>"; };
		3BBB473725CABDCB00A4DBA7 /* Assets.xcassets */ = {isa = PBXFileReference; lastKnownFileType = folder.assetcatalog; path = Assets.xcassets; sourceTree = "<group>"; };
		3BBB473825CABDCB00A4DBA7 /* MacMulator.entitlements */ = {isa = PBXFileReference; fileEncoding = 4; lastKnownFileType = text.plist.entitlements; path = MacMulator.entitlements; sourceTree = "<group>"; };
		3BBB473925CABDCB00A4DBA7 /* Info.plist */ = {isa = PBXFileReference; fileEncoding = 4; lastKnownFileType = text.plist.xml; path = Info.plist; sourceTree = "<group>"; };
		3BBB474025CABDD000A4DBA7 /* VirtualMachine.swift */ = {isa = PBXFileReference; fileEncoding = 4; lastKnownFileType = sourcecode.swift; path = VirtualMachine.swift; sourceTree = "<group>"; };
		3BBB474125CABDD000A4DBA7 /* VirtualDrive.swift */ = {isa = PBXFileReference; fileEncoding = 4; lastKnownFileType = sourcecode.swift; path = VirtualDrive.swift; sourceTree = "<group>"; };
		3BBC4BB525DE74020001CA02 /* QemuUtils.swift */ = {isa = PBXFileReference; lastKnownFileType = sourcecode.swift; path = QemuUtils.swift; sourceTree = "<group>"; };
		3BC5262C25E4F0F700A70699 /* NewDiskViewController.swift */ = {isa = PBXFileReference; lastKnownFileType = sourcecode.swift; path = NewDiskViewController.swift; sourceTree = "<group>"; };
		3BC90A8325E536DF003E7DDE /* CreateDiskFileViewController.swift */ = {isa = PBXFileReference; lastKnownFileType = sourcecode.swift; path = CreateDiskFileViewController.swift; sourceTree = "<group>"; };
		3BD669B325E58080004E129D /* EditVM.storyboard */ = {isa = PBXFileReference; fileEncoding = 4; lastKnownFileType = file.storyboard; path = EditVM.storyboard; sourceTree = "<group>"; };
		3BD7454F25E7AC85005ECECB /* DriveInfoViewController.swift */ = {isa = PBXFileReference; lastKnownFileType = sourcecode.swift; path = DriveInfoViewController.swift; sourceTree = "<group>"; };
		3BD88E0D26DCF0A500B4A0E5 /* AboutBoxViewController.swift */ = {isa = PBXFileReference; lastKnownFileType = sourcecode.swift; path = AboutBoxViewController.swift; sourceTree = "<group>"; };
		3BD9CCED262DCDDD008341D9 /* NewVMViewController.swift */ = {isa = PBXFileReference; lastKnownFileType = sourcecode.swift; path = NewVMViewController.swift; sourceTree = "<group>"; };
		3BD9CCF6262DCE5B008341D9 /* Base */ = {isa = PBXFileReference; lastKnownFileType = file.storyboard; name = Base; path = MacMulator/UI/Base.lproj/NewVM.storyboard; sourceTree = "<group>"; };
		3BF128BA26C270CA009BFF7D /* ConsoleViewController.swift */ = {isa = PBXFileReference; lastKnownFileType = sourcecode.swift; path = ConsoleViewController.swift; sourceTree = "<group>"; };
		3BF8F62325E40224006E2C1C /* DrivesTableCells.swift */ = {isa = PBXFileReference; lastKnownFileType = sourcecode.swift; path = DrivesTableCells.swift; sourceTree = "<group>"; };
		3BFDBF0525C15FD800A1442F /* VirtualMachineViewController.swift */ = {isa = PBXFileReference; lastKnownFileType = sourcecode.swift; path = VirtualMachineViewController.swift; sourceTree = "<group>"; };
		3BFF48DE26C2D2AD0093408E /* UtilsTest.swift */ = {isa = PBXFileReference; lastKnownFileType = sourcecode.swift; path = UtilsTest.swift; sourceTree = "<group>"; };
		3BFF48E226C2D4AF0093408E /* MacMulatorTests-Bridging-Header.h */ = {isa = PBXFileReference; lastKnownFileType = sourcecode.c.h; path = "MacMulatorTests-Bridging-Header.h"; sourceTree = "<group>"; };
/* End PBXFileReference section */

/* Begin PBXFrameworksBuildPhase section */
		3B391EE625C075F50030E914 /* Frameworks */ = {
			isa = PBXFrameworksBuildPhase;
			buildActionMask = 2147483647;
			files = (
				3B6FF876266F791700368BAB /* SocketSwift in Frameworks */,
				3B559E6626EB54730071E5B5 /* ZIPFoundation in Frameworks */,
			);
			runOnlyForDeploymentPostprocessing = 0;
		};
		3B391EF825C075F50030E914 /* Frameworks */ = {
			isa = PBXFrameworksBuildPhase;
			buildActionMask = 2147483647;
			files = (
			);
			runOnlyForDeploymentPostprocessing = 0;
		};
/* End PBXFrameworksBuildPhase section */

/* Begin PBXGroup section */
		3B3624FD266F6253007857FB /* Frameworks */ = {
			isa = PBXGroup;
			children = (
			);
			name = Frameworks;
			sourceTree = "<group>";
		};
		3B391EE025C075F50030E914 = {
			isa = PBXGroup;
			children = (
				3B3624FD266F6253007857FB /* Frameworks */,
				3B391EEB25C075F50030E914 /* MacMulator */,
				3B391EFE25C075F50030E914 /* MacMulatorTests */,
				3B391EEA25C075F50030E914 /* Products */,
			);
			sourceTree = "<group>";
		};
		3B391EEA25C075F50030E914 /* Products */ = {
			isa = PBXGroup;
			children = (
				3B391EE925C075F50030E914 /* MacMulator.app */,
				3B391EFB25C075F50030E914 /* MacMulatorTests.xctest */,
			);
			name = Products;
			sourceTree = "<group>";
		};
		3B391EEB25C075F50030E914 /* MacMulator */ = {
			isa = PBXGroup;
			children = (
				3B391EEC25C075F50030E914 /* AppDelegate.swift */,
				3BF8F62125E401D4006E2C1C /* EditVM */,
				3B39B8CE25C86A31004B9CBC /* MainWindowController.swift */,
				3BF128BA26C270CA009BFF7D /* ConsoleViewController.swift */,
				3BBB473F25CABDD000A4DBA7 /* Model */,
				3BA3AC1525E6645E00F02B0E /* NewVM */,
				3B1FC5E426315DC4004E64DC /* PreferencesViewController.swift */,
				3BD88E0D26DCF0A500B4A0E5 /* AboutBoxViewController.swift */,
				3BB10092266F5293005D0E44 /* Qemu */,
				3BBB473625CABDCB00A4DBA7 /* Resources */,
				3B391EEE25C075F50030E914 /* RootViewController.swift */,
				3BBB472F25CABDC600A4DBA7 /* UI */,
				3BBB471C25CABDAE00A4DBA7 /* Utils */,
				3B7F94A125C2B4B700A13B26 /* VirtualMachinesListViewController.swift */,
				3B9B19E525C2C0B400AF3438 /* VirtualMachineTableCellView.swift */,
				3BFDBF0525C15FD800A1442F /* VirtualMachineViewController.swift */,
			);
			path = MacMulator;
			sourceTree = "<group>";
		};
		3B391EFE25C075F50030E914 /* MacMulatorTests */ = {
			isa = PBXGroup;
			children = (
				3BFF48DE26C2D2AD0093408E /* UtilsTest.swift */,
				3B391F0125C075F50030E914 /* Info.plist */,
				3BFF48E226C2D4AF0093408E /* MacMulatorTests-Bridging-Header.h */,
			);
			path = MacMulatorTests;
			sourceTree = "<group>";
		};
		3B578557266526460003C3C8 /* Libs */ = {
			isa = PBXGroup;
			children = (
				3B57857E26652D440003C3C8 /* libintl.8.dylib */,
				3B57857B26652CFF0003C3C8 /* libpcre.1.dylib */,
				3B5785582665265E0003C3C8 /* libglib-2.0.0.dylib */,
			);
			path = Libs;
			sourceTree = "<group>";
		};
		3BA3AC1525E6645E00F02B0E /* NewVM */ = {
			isa = PBXGroup;
			children = (
				3BD9CCED262DCDDD008341D9 /* NewVMViewController.swift */,
				3B249B5F263042170046DDA5 /* CreateVMFileViewController.swift */,
			);
			path = NewVM;
			sourceTree = "<group>";
		};
		3BB10092266F5293005D0E44 /* Qemu */ = {
			isa = PBXGroup;
			children = (
				3B7F945225CD51CA0063F84D /* QemuCommandBuilder.swift */,
				3B15E94725CD87760046891B /* QemuConstants.swift */,
				3BBC4BB525DE74020001CA02 /* QemuUtils.swift */,
				3B7F944D25CD51800063F84D /* QemuImgCommandBuilder.swift */,
				3B73E41525CAE040004BAA92 /* QemuRunner.swift */,
				3BB10093266F52D8005D0E44 /* QemuMonitor.swift */,
			);
			path = Qemu;
			sourceTree = "<group>";
		};
		3BBB471C25CABDAE00A4DBA7 /* Utils */ = {
			isa = PBXGroup;
			children = (
				3B6A9E1225CBFDDC00123D6B /* MacMulator-Bridging-Header.h */,
				3B6A9E0925CBFD8300123D6B /* ObjC.h */,
				3B6A9E1325CBFDDC00123D6B /* ObjC.m */,
				3BBB471D25CABDAE00A4DBA7 /* Shell.swift */,
				3BBB471E25CABDAE00A4DBA7 /* Utils.swift */,
				3B18445C25E4F86A00CDAA20 /* MacMulatorConstants.swift */,
			);
			path = Utils;
			sourceTree = "<group>";
		};
		3BBB472F25CABDC600A4DBA7 /* UI */ = {
			isa = PBXGroup;
			children = (
				3BBB473025CABDC600A4DBA7 /* Main.storyboard */,
				3BD9CCF5262DCE5B008341D9 /* NewVM.storyboard */,
				3BD669B325E58080004E129D /* EditVM.storyboard */,
			);
			path = UI;
			sourceTree = "<group>";
		};
		3BBB473625CABDCB00A4DBA7 /* Resources */ = {
			isa = PBXGroup;
			children = (
				3B3E56E026EF59C900D79C92 /* OPENCORE_LEGACY.zip */,
				3B559E6726EB551E0071E5B5 /* OPENCORE_MODERN.zip */,
				3B90F6A926EA4AA800575751 /* MACOS_EFI.fd */,
				3BA985FB26C27F2600D2C5DB /* QEMU_EFI.fd */,
				3B578557266526460003C3C8 /* Libs */,
				3B578555266523780003C3C8 /* qemu-img */,
				3BBB473725CABDCB00A4DBA7 /* Assets.xcassets */,
				3BBB473825CABDCB00A4DBA7 /* MacMulator.entitlements */,
				3BBB473925CABDCB00A4DBA7 /* Info.plist */,
			);
			path = Resources;
			sourceTree = "<group>";
		};
		3BBB473F25CABDD000A4DBA7 /* Model */ = {
			isa = PBXGroup;
			children = (
				3BBB474025CABDD000A4DBA7 /* VirtualMachine.swift */,
				3BBB474125CABDD000A4DBA7 /* VirtualDrive.swift */,
			);
			path = Model;
			sourceTree = "<group>";
		};
		3BF8F62125E401D4006E2C1C /* EditVM */ = {
			isa = PBXGroup;
			children = (
				3BF8F62325E40224006E2C1C /* DrivesTableCells.swift */,
				3B477A9425D69525008685BE /* EditVMViewController.swift */,
				3B7C1BFD25D697E800DF30E2 /* EditVMViewControllerAdvanced.swift */,
				3B0D023725D6975800E015EF /* EditVMViewControllerGeneral.swift */,
				3B7C1BF825D697D100DF30E2 /* EditVMViewControllerHardware.swift */,
				3BC5262C25E4F0F700A70699 /* NewDiskViewController.swift */,
				3BC90A8325E536DF003E7DDE /* CreateDiskFileViewController.swift */,
				3BD7454F25E7AC85005ECECB /* DriveInfoViewController.swift */,
			);
			path = EditVM;
			sourceTree = "<group>";
		};
/* End PBXGroup section */

/* Begin PBXNativeTarget section */
		3B391EE825C075F50030E914 /* MacMulator */ = {
			isa = PBXNativeTarget;
			buildConfigurationList = 3B391F0F25C075F50030E914 /* Build configuration list for PBXNativeTarget "MacMulator" */;
			buildPhases = (
				3B391EE525C075F50030E914 /* Sources */,
				3B391EE625C075F50030E914 /* Frameworks */,
				3B391EE725C075F50030E914 /* Resources */,
				3B57855E2665275C0003C3C8 /* CopyFiles */,
				3B57855C266527400003C3C8 /* CopyFiles */,
			);
			buildRules = (
			);
			dependencies = (
			);
			name = MacMulator;
			packageProductDependencies = (
				3B6FF875266F791700368BAB /* SocketSwift */,
				3B559E6526EB54730071E5B5 /* ZIPFoundation */,
			);
			productName = MacMulator;
			productReference = 3B391EE925C075F50030E914 /* MacMulator.app */;
			productType = "com.apple.product-type.application";
		};
		3B391EFA25C075F50030E914 /* MacMulatorTests */ = {
			isa = PBXNativeTarget;
			buildConfigurationList = 3B391F1225C075F50030E914 /* Build configuration list for PBXNativeTarget "MacMulatorTests" */;
			buildPhases = (
				3B391EF725C075F50030E914 /* Sources */,
				3B391EF825C075F50030E914 /* Frameworks */,
				3B391EF925C075F50030E914 /* Resources */,
			);
			buildRules = (
			);
			dependencies = (
				3B391EFD25C075F50030E914 /* PBXTargetDependency */,
			);
			name = MacMulatorTests;
			productName = MacMulatorTests;
			productReference = 3B391EFB25C075F50030E914 /* MacMulatorTests.xctest */;
			productType = "com.apple.product-type.bundle.unit-test";
		};
/* End PBXNativeTarget section */

/* Begin PBXProject section */
		3B391EE125C075F50030E914 /* Project object */ = {
			isa = PBXProject;
			attributes = {
				LastSwiftUpdateCheck = 1230;
				LastUpgradeCheck = 1250;
				TargetAttributes = {
					3B391EE825C075F50030E914 = {
						CreatedOnToolsVersion = 12.3;
						LastSwiftMigration = 1240;
					};
					3B391EFA25C075F50030E914 = {
						CreatedOnToolsVersion = 12.3;
						TestTargetID = 3B391EE825C075F50030E914;
					};
				};
			};
			buildConfigurationList = 3B391EE425C075F50030E914 /* Build configuration list for PBXProject "MacMulator" */;
			compatibilityVersion = "Xcode 9.3";
			developmentRegion = en;
			hasScannedForEncodings = 0;
			knownRegions = (
				en,
				Base,
			);
			mainGroup = 3B391EE025C075F50030E914;
			packageReferences = (
				3B6FF874266F791700368BAB /* XCRemoteSwiftPackageReference "Socket.swift" */,
				3BE7AD2926EA69E800E3F578 /* XCRemoteSwiftPackageReference "ZIPFoundation" */,
			);
			productRefGroup = 3B391EEA25C075F50030E914 /* Products */;
			projectDirPath = "";
			projectRoot = "";
			targets = (
				3B391EE825C075F50030E914 /* MacMulator */,
				3B391EFA25C075F50030E914 /* MacMulatorTests */,
			);
		};
/* End PBXProject section */

/* Begin PBXResourcesBuildPhase section */
		3B391EE725C075F50030E914 /* Resources */ = {
			isa = PBXResourcesBuildPhase;
			buildActionMask = 2147483647;
			files = (
				3BD9CCF7262DCE5B008341D9 /* NewVM.storyboard in Resources */,
				3BBB475025CABE6D00A4DBA7 /* Main.storyboard in Resources */,
				3BBB473A25CABDCB00A4DBA7 /* Assets.xcassets in Resources */,
				3BD669B425E58080004E129D /* EditVM.storyboard in Resources */,
			);
			runOnlyForDeploymentPostprocessing = 0;
		};
		3B391EF925C075F50030E914 /* Resources */ = {
			isa = PBXResourcesBuildPhase;
			buildActionMask = 2147483647;
			files = (
			);
			runOnlyForDeploymentPostprocessing = 0;
		};
/* End PBXResourcesBuildPhase section */

/* Begin PBXSourcesBuildPhase section */
		3B391EE525C075F50030E914 /* Sources */ = {
			isa = PBXSourcesBuildPhase;
			buildActionMask = 2147483647;
			files = (
				3BC5262D25E4F0F700A70699 /* NewDiskViewController.swift in Sources */,
				3B6A9E1425CBFDDC00123D6B /* ObjC.m in Sources */,
				3B73E41625CAE040004BAA92 /* QemuRunner.swift in Sources */,
				3B15E94825CD87760046891B /* QemuConstants.swift in Sources */,
				3BD9CCEE262DCDDD008341D9 /* NewVMViewController.swift in Sources */,
				3BBB474225CABDD000A4DBA7 /* VirtualMachine.swift in Sources */,
				3BD88E0E26DCF0A500B4A0E5 /* AboutBoxViewController.swift in Sources */,
				3B7F94A225C2B4B700A13B26 /* VirtualMachinesListViewController.swift in Sources */,
				3BBB472025CABDAE00A4DBA7 /* Utils.swift in Sources */,
				3B7C1BF925D697D100DF30E2 /* EditVMViewControllerHardware.swift in Sources */,
				3BD7455025E7AC85005ECECB /* DriveInfoViewController.swift in Sources */,
				3BF8F62425E40224006E2C1C /* DrivesTableCells.swift in Sources */,
				3B391EEF25C075F50030E914 /* RootViewController.swift in Sources */,
				3BFDBF0625C15FD800A1442F /* VirtualMachineViewController.swift in Sources */,
				3B391EED25C075F50030E914 /* AppDelegate.swift in Sources */,
				3B7C1BFE25D697E800DF30E2 /* EditVMViewControllerAdvanced.swift in Sources */,
				3B18445D25E4F86A00CDAA20 /* MacMulatorConstants.swift in Sources */,
				3B477A9525D69525008685BE /* EditVMViewController.swift in Sources */,
				3B7F945325CD51CA0063F84D /* QemuCommandBuilder.swift in Sources */,
				3BF128BB26C270CA009BFF7D /* ConsoleViewController.swift in Sources */,
				3BBC4BB625DE74020001CA02 /* QemuUtils.swift in Sources */,
				3B1FC5E526315DC4004E64DC /* PreferencesViewController.swift in Sources */,
				3B0D023825D6975800E015EF /* EditVMViewControllerGeneral.swift in Sources */,
				3B7F944E25CD51800063F84D /* QemuImgCommandBuilder.swift in Sources */,
				3B9B19E625C2C0B400AF3438 /* VirtualMachineTableCellView.swift in Sources */,
				3BB10094266F52D8005D0E44 /* QemuMonitor.swift in Sources */,
				3BBB471F25CABDAE00A4DBA7 /* Shell.swift in Sources */,
				3BBB474325CABDD000A4DBA7 /* VirtualDrive.swift in Sources */,
				3B39B8CF25C86A31004B9CBC /* MainWindowController.swift in Sources */,
				3BC90A8425E536DF003E7DDE /* CreateDiskFileViewController.swift in Sources */,
				3B249B60263042170046DDA5 /* CreateVMFileViewController.swift in Sources */,
			);
			runOnlyForDeploymentPostprocessing = 0;
		};
		3B391EF725C075F50030E914 /* Sources */ = {
			isa = PBXSourcesBuildPhase;
			buildActionMask = 2147483647;
			files = (
				3BFF48DF26C2D2AD0093408E /* UtilsTest.swift in Sources */,
			);
			runOnlyForDeploymentPostprocessing = 0;
		};
/* End PBXSourcesBuildPhase section */

/* Begin PBXTargetDependency section */
		3B391EFD25C075F50030E914 /* PBXTargetDependency */ = {
			isa = PBXTargetDependency;
			target = 3B391EE825C075F50030E914 /* MacMulator */;
			targetProxy = 3B391EFC25C075F50030E914 /* PBXContainerItemProxy */;
		};
/* End PBXTargetDependency section */

/* Begin PBXVariantGroup section */
		3BBB473025CABDC600A4DBA7 /* Main.storyboard */ = {
			isa = PBXVariantGroup;
			children = (
				3BBB473125CABDC600A4DBA7 /* Base */,
			);
			name = Main.storyboard;
			sourceTree = "<group>";
		};
		3BD9CCF5262DCE5B008341D9 /* NewVM.storyboard */ = {
			isa = PBXVariantGroup;
			children = (
				3BD9CCF6262DCE5B008341D9 /* Base */,
			);
			name = NewVM.storyboard;
			sourceTree = "<group>";
		};
/* End PBXVariantGroup section */

/* Begin XCBuildConfiguration section */
		3B391F0D25C075F50030E914 /* Debug */ = {
			isa = XCBuildConfiguration;
			buildSettings = {
				ALWAYS_SEARCH_USER_PATHS = NO;
				CLANG_ANALYZER_NONNULL = YES;
				CLANG_ANALYZER_NUMBER_OBJECT_CONVERSION = YES_AGGRESSIVE;
				CLANG_CXX_LANGUAGE_STANDARD = "gnu++14";
				CLANG_CXX_LIBRARY = "libc++";
				CLANG_ENABLE_MODULES = YES;
				CLANG_ENABLE_OBJC_ARC = YES;
				CLANG_ENABLE_OBJC_WEAK = YES;
				CLANG_WARN_BLOCK_CAPTURE_AUTORELEASING = YES;
				CLANG_WARN_BOOL_CONVERSION = YES;
				CLANG_WARN_COMMA = YES;
				CLANG_WARN_CONSTANT_CONVERSION = YES;
				CLANG_WARN_DEPRECATED_OBJC_IMPLEMENTATIONS = YES;
				CLANG_WARN_DIRECT_OBJC_ISA_USAGE = YES_ERROR;
				CLANG_WARN_DOCUMENTATION_COMMENTS = YES;
				CLANG_WARN_EMPTY_BODY = YES;
				CLANG_WARN_ENUM_CONVERSION = YES;
				CLANG_WARN_INFINITE_RECURSION = YES;
				CLANG_WARN_INT_CONVERSION = YES;
				CLANG_WARN_NON_LITERAL_NULL_CONVERSION = YES;
				CLANG_WARN_OBJC_IMPLICIT_RETAIN_SELF = YES;
				CLANG_WARN_OBJC_LITERAL_CONVERSION = YES;
				CLANG_WARN_OBJC_ROOT_CLASS = YES_ERROR;
				CLANG_WARN_QUOTED_INCLUDE_IN_FRAMEWORK_HEADER = YES;
				CLANG_WARN_RANGE_LOOP_ANALYSIS = YES;
				CLANG_WARN_STRICT_PROTOTYPES = YES;
				CLANG_WARN_SUSPICIOUS_MOVE = YES;
				CLANG_WARN_UNGUARDED_AVAILABILITY = YES_AGGRESSIVE;
				CLANG_WARN_UNREACHABLE_CODE = YES;
				CLANG_WARN__DUPLICATE_METHOD_MATCH = YES;
				COPY_PHASE_STRIP = NO;
				DEBUG_INFORMATION_FORMAT = dwarf;
				ENABLE_STRICT_OBJC_MSGSEND = YES;
				ENABLE_TESTABILITY = YES;
				GCC_C_LANGUAGE_STANDARD = gnu11;
				GCC_DYNAMIC_NO_PIC = NO;
				GCC_NO_COMMON_BLOCKS = YES;
				GCC_OPTIMIZATION_LEVEL = 0;
				GCC_PREPROCESSOR_DEFINITIONS = (
					"DEBUG=1",
					"$(inherited)",
				);
				GCC_WARN_64_TO_32_BIT_CONVERSION = YES;
				GCC_WARN_ABOUT_RETURN_TYPE = YES_ERROR;
				GCC_WARN_UNDECLARED_SELECTOR = YES;
				GCC_WARN_UNINITIALIZED_AUTOS = YES_AGGRESSIVE;
				GCC_WARN_UNUSED_FUNCTION = YES;
				GCC_WARN_UNUSED_VARIABLE = YES;
				MACOSX_DEPLOYMENT_TARGET = 10.13;
				MTL_ENABLE_DEBUG_INFO = INCLUDE_SOURCE;
				MTL_FAST_MATH = YES;
				ONLY_ACTIVE_ARCH = YES;
				SDKROOT = macosx;
				SWIFT_ACTIVE_COMPILATION_CONDITIONS = DEBUG;
				SWIFT_OPTIMIZATION_LEVEL = "-Onone";
			};
			name = Debug;
		};
		3B391F0E25C075F50030E914 /* Release */ = {
			isa = XCBuildConfiguration;
			buildSettings = {
				ALWAYS_SEARCH_USER_PATHS = NO;
				CLANG_ANALYZER_NONNULL = YES;
				CLANG_ANALYZER_NUMBER_OBJECT_CONVERSION = YES_AGGRESSIVE;
				CLANG_CXX_LANGUAGE_STANDARD = "gnu++14";
				CLANG_CXX_LIBRARY = "libc++";
				CLANG_ENABLE_MODULES = YES;
				CLANG_ENABLE_OBJC_ARC = YES;
				CLANG_ENABLE_OBJC_WEAK = YES;
				CLANG_WARN_BLOCK_CAPTURE_AUTORELEASING = YES;
				CLANG_WARN_BOOL_CONVERSION = YES;
				CLANG_WARN_COMMA = YES;
				CLANG_WARN_CONSTANT_CONVERSION = YES;
				CLANG_WARN_DEPRECATED_OBJC_IMPLEMENTATIONS = YES;
				CLANG_WARN_DIRECT_OBJC_ISA_USAGE = YES_ERROR;
				CLANG_WARN_DOCUMENTATION_COMMENTS = YES;
				CLANG_WARN_EMPTY_BODY = YES;
				CLANG_WARN_ENUM_CONVERSION = YES;
				CLANG_WARN_INFINITE_RECURSION = YES;
				CLANG_WARN_INT_CONVERSION = YES;
				CLANG_WARN_NON_LITERAL_NULL_CONVERSION = YES;
				CLANG_WARN_OBJC_IMPLICIT_RETAIN_SELF = YES;
				CLANG_WARN_OBJC_LITERAL_CONVERSION = YES;
				CLANG_WARN_OBJC_ROOT_CLASS = YES_ERROR;
				CLANG_WARN_QUOTED_INCLUDE_IN_FRAMEWORK_HEADER = YES;
				CLANG_WARN_RANGE_LOOP_ANALYSIS = YES;
				CLANG_WARN_STRICT_PROTOTYPES = YES;
				CLANG_WARN_SUSPICIOUS_MOVE = YES;
				CLANG_WARN_UNGUARDED_AVAILABILITY = YES_AGGRESSIVE;
				CLANG_WARN_UNREACHABLE_CODE = YES;
				CLANG_WARN__DUPLICATE_METHOD_MATCH = YES;
				COPY_PHASE_STRIP = NO;
				DEBUG_INFORMATION_FORMAT = "dwarf-with-dsym";
				ENABLE_NS_ASSERTIONS = NO;
				ENABLE_STRICT_OBJC_MSGSEND = YES;
				GCC_C_LANGUAGE_STANDARD = gnu11;
				GCC_NO_COMMON_BLOCKS = YES;
				GCC_WARN_64_TO_32_BIT_CONVERSION = YES;
				GCC_WARN_ABOUT_RETURN_TYPE = YES_ERROR;
				GCC_WARN_UNDECLARED_SELECTOR = YES;
				GCC_WARN_UNINITIALIZED_AUTOS = YES_AGGRESSIVE;
				GCC_WARN_UNUSED_FUNCTION = YES;
				GCC_WARN_UNUSED_VARIABLE = YES;
				MACOSX_DEPLOYMENT_TARGET = 10.13;
				MTL_ENABLE_DEBUG_INFO = NO;
				MTL_FAST_MATH = YES;
				SDKROOT = macosx;
				SWIFT_COMPILATION_MODE = wholemodule;
				SWIFT_OPTIMIZATION_LEVEL = "-O";
			};
			name = Release;
		};
		3B391F1025C075F50030E914 /* Debug */ = {
			isa = XCBuildConfiguration;
			buildSettings = {
				ASSETCATALOG_COMPILER_APPICON_NAME = AppIcon;
				ASSETCATALOG_COMPILER_GLOBAL_ACCENT_COLOR_NAME = AccentColor;
				CLANG_ENABLE_MODULES = YES;
				CODE_SIGN_ENTITLEMENTS = MacMulator/Resources/MacMulator.entitlements;
				CODE_SIGN_IDENTITY = "Apple Development";
				CODE_SIGN_STYLE = Automatic;
				COMBINE_HIDPI_IMAGES = YES;
				CURRENT_PROJECT_VERSION = 12;
				DEVELOPMENT_TEAM = 43L3TB7GWV;
				ENABLE_HARDENED_RUNTIME = YES;
				INFOPLIST_FILE = MacMulator/Resources/Info.plist;
				LD_RUNPATH_SEARCH_PATHS = (
					"$(inherited)",
					"@executable_path/../Frameworks",
				);
				LIBRARY_SEARCH_PATHS = "$(inherited)";
				MACOSX_DEPLOYMENT_TARGET = 10.13;
				MARKETING_VERSION = "1.0.0 Beta 12";
				PRODUCT_BUNDLE_IDENTIFIER = it.valedev.MacMulator;
				PRODUCT_NAME = "$(TARGET_NAME)";
				PROVISIONING_PROFILE_SPECIFIER = "";
				SWIFT_OBJC_BRIDGING_HEADER = "MacMulator/Utils/MacMulator-Bridging-Header.h";
				SWIFT_OPTIMIZATION_LEVEL = "-Onone";
				SWIFT_VERSION = 5.0;
			};
			name = Debug;
		};
		3B391F1125C075F50030E914 /* Release */ = {
			isa = XCBuildConfiguration;
			buildSettings = {
				ASSETCATALOG_COMPILER_APPICON_NAME = AppIcon;
				ASSETCATALOG_COMPILER_GLOBAL_ACCENT_COLOR_NAME = AccentColor;
				CLANG_ENABLE_MODULES = YES;
				CODE_SIGN_ENTITLEMENTS = MacMulator/Resources/MacMulator.entitlements;
				CODE_SIGN_IDENTITY = "Apple Development";
				CODE_SIGN_STYLE = Automatic;
				COMBINE_HIDPI_IMAGES = YES;
				CURRENT_PROJECT_VERSION = 12;
				DEVELOPMENT_TEAM = 43L3TB7GWV;
				ENABLE_HARDENED_RUNTIME = YES;
				INFOPLIST_FILE = MacMulator/Resources/Info.plist;
				LD_RUNPATH_SEARCH_PATHS = (
					"$(inherited)",
					"@executable_path/../Frameworks",
				);
				LIBRARY_SEARCH_PATHS = "$(inherited)";
				MACOSX_DEPLOYMENT_TARGET = 10.13;
				MARKETING_VERSION = "1.0.0 Beta 12";
				PRODUCT_BUNDLE_IDENTIFIER = it.valedev.MacMulator;
				PRODUCT_NAME = "$(TARGET_NAME)";
				PROVISIONING_PROFILE_SPECIFIER = "";
				SWIFT_OBJC_BRIDGING_HEADER = "MacMulator/Utils/MacMulator-Bridging-Header.h";
				SWIFT_VERSION = 5.0;
			};
			name = Release;
		};
		3B391F1325C075F50030E914 /* Debug */ = {
			isa = XCBuildConfiguration;
			buildSettings = {
				ALWAYS_EMBED_SWIFT_STANDARD_LIBRARIES = YES;
				BUNDLE_LOADER = "$(TEST_HOST)";
				CODE_SIGN_IDENTITY = "Apple Development";
				CODE_SIGN_STYLE = Automatic;
				COMBINE_HIDPI_IMAGES = YES;
				DEVELOPMENT_TEAM = 43L3TB7GWV;
				INFOPLIST_FILE = MacMulatorTests/Info.plist;
				LD_RUNPATH_SEARCH_PATHS = (
					"$(inherited)",
					"@executable_path/../Frameworks",
					"@loader_path/../Frameworks",
				);
				MACOSX_DEPLOYMENT_TARGET = 11.1;
				PRODUCT_BUNDLE_IDENTIFIER = it.valedev.MacMulatorTests;
				PRODUCT_NAME = "$(TARGET_NAME)";
				PROVISIONING_PROFILE_SPECIFIER = "";
				SWIFT_VERSION = 5.0;
				TEST_HOST = "$(BUILT_PRODUCTS_DIR)/MacMulator.app/Contents/MacOS/MacMulator";
			};
			name = Debug;
		};
		3B391F1425C075F50030E914 /* Release */ = {
			isa = XCBuildConfiguration;
			buildSettings = {
				ALWAYS_EMBED_SWIFT_STANDARD_LIBRARIES = YES;
				BUNDLE_LOADER = "$(TEST_HOST)";
				CODE_SIGN_IDENTITY = "Apple Development";
				CODE_SIGN_STYLE = Automatic;
				COMBINE_HIDPI_IMAGES = YES;
				DEVELOPMENT_TEAM = 43L3TB7GWV;
				INFOPLIST_FILE = MacMulatorTests/Info.plist;
				LD_RUNPATH_SEARCH_PATHS = (
					"$(inherited)",
					"@executable_path/../Frameworks",
					"@loader_path/../Frameworks",
				);
				MACOSX_DEPLOYMENT_TARGET = 11.1;
				PRODUCT_BUNDLE_IDENTIFIER = it.valedev.MacMulatorTests;
				PRODUCT_NAME = "$(TARGET_NAME)";
				PROVISIONING_PROFILE_SPECIFIER = "";
				SWIFT_VERSION = 5.0;
				TEST_HOST = "$(BUILT_PRODUCTS_DIR)/MacMulator.app/Contents/MacOS/MacMulator";
			};
			name = Release;
		};
/* End XCBuildConfiguration section */

/* Begin XCConfigurationList section */
		3B391EE425C075F50030E914 /* Build configuration list for PBXProject "MacMulator" */ = {
			isa = XCConfigurationList;
			buildConfigurations = (
				3B391F0D25C075F50030E914 /* Debug */,
				3B391F0E25C075F50030E914 /* Release */,
			);
			defaultConfigurationIsVisible = 0;
			defaultConfigurationName = Release;
		};
		3B391F0F25C075F50030E914 /* Build configuration list for PBXNativeTarget "MacMulator" */ = {
			isa = XCConfigurationList;
			buildConfigurations = (
				3B391F1025C075F50030E914 /* Debug */,
				3B391F1125C075F50030E914 /* Release */,
			);
			defaultConfigurationIsVisible = 0;
			defaultConfigurationName = Release;
		};
		3B391F1225C075F50030E914 /* Build configuration list for PBXNativeTarget "MacMulatorTests" */ = {
			isa = XCConfigurationList;
			buildConfigurations = (
				3B391F1325C075F50030E914 /* Debug */,
				3B391F1425C075F50030E914 /* Release */,
			);
			defaultConfigurationIsVisible = 0;
			defaultConfigurationName = Release;
		};
/* End XCConfigurationList section */

/* Begin XCRemoteSwiftPackageReference section */
		3B6FF874266F791700368BAB /* XCRemoteSwiftPackageReference "Socket.swift" */ = {
			isa = XCRemoteSwiftPackageReference;
			repositoryURL = "https://github.com/BiAtoms/Socket.swift.git";
			requirement = {
				kind = upToNextMajorVersion;
				minimumVersion = 2.4.0;
			};
		};
		3BE7AD2926EA69E800E3F578 /* XCRemoteSwiftPackageReference "ZIPFoundation" */ = {
			isa = XCRemoteSwiftPackageReference;
			repositoryURL = "https://github.com/weichsel/ZIPFoundation.git";
			requirement = {
				kind = upToNextMajorVersion;
				minimumVersion = 0.9.12;
			};
		};
/* End XCRemoteSwiftPackageReference section */

/* Begin XCSwiftPackageProductDependency section */
		3B559E6526EB54730071E5B5 /* ZIPFoundation */ = {
			isa = XCSwiftPackageProductDependency;
			package = 3BE7AD2926EA69E800E3F578 /* XCRemoteSwiftPackageReference "ZIPFoundation" */;
			productName = ZIPFoundation;
		};
		3B6FF875266F791700368BAB /* SocketSwift */ = {
			isa = XCSwiftPackageProductDependency;
			package = 3B6FF874266F791700368BAB /* XCRemoteSwiftPackageReference "Socket.swift" */;
			productName = SocketSwift;
		};
/* End XCSwiftPackageProductDependency section */
	};
	rootObject = 3B391EE125C075F50030E914 /* Project object */;
}
